
Microsoft Visual Studio Solution File, Format Version 12.00
# Visual Studio Version 17
VisualStudioVersion = 17.1.32328.378
MinimumVisualStudioVersion = 10.0.40219.1
Project("{FAE04EC0-301F-11D3-BF4B-00C04F79EFBC}") = "API", "API\API.csproj", "{7F2EBABE-DD4D-4CA3-83C1-6CEB0CE6364D}"
EndProject
Project("{FAE04EC0-301F-11D3-BF4B-00C04F79EFBC}") = "Domain", "Domain\Domain.csproj", "{019E8DF2-5C81-4BB5-B57C-75EEED04BCFD}"
EndProject
Project("{FAE04EC0-301F-11D3-BF4B-00C04F79EFBC}") = "Persistence", "Persistence\Persistence.csproj", "{A25B0BAA-5C68-4CB7-9263-FAE26755900F}"
EndProject
Project("{FAE04EC0-301F-11D3-BF4B-00C04F79EFBC}") = "Application", "Application\Application.csproj", "{B9179B3E-7752-4969-A14E-C44F7EF405A6}"
EndProject
Project("{FAE04EC0-301F-11D3-BF4B-00C04F79EFBC}") = "Infrastructure", "Infrastructure\Infrastructure.csproj", "{9E2A7592-E634-486F-B686-A5D7F963AD85}"
EndProject
Global
	GlobalSection(SolutionConfigurationPlatforms) = preSolution
		Debug|Any CPU = Debug|Any CPU
		Release|Any CPU = Release|Any CPU
	EndGlobalSection
	GlobalSection(ProjectConfigurationPlatforms) = postSolution
		{7F2EBABE-DD4D-4CA3-83C1-6CEB0CE6364D}.Debug|Any CPU.ActiveCfg = Debug|Any CPU
		{7F2EBABE-DD4D-4CA3-83C1-6CEB0CE6364D}.Debug|Any CPU.Build.0 = Debug|Any CPU
		{7F2EBABE-DD4D-4CA3-83C1-6CEB0CE6364D}.Release|Any CPU.ActiveCfg = Release|Any CPU
		{7F2EBABE-DD4D-4CA3-83C1-6CEB0CE6364D}.Release|Any CPU.Build.0 = Release|Any CPU
		{019E8DF2-5C81-4BB5-B57C-75EEED04BCFD}.Debug|Any CPU.ActiveCfg = Debug|Any CPU
		{019E8DF2-5C81-4BB5-B57C-75EEED04BCFD}.Debug|Any CPU.Build.0 = Debug|Any CPU
		{019E8DF2-5C81-4BB5-B57C-75EEED04BCFD}.Release|Any CPU.ActiveCfg = Release|Any CPU
		{019E8DF2-5C81-4BB5-B57C-75EEED04BCFD}.Release|Any CPU.Build.0 = Release|Any CPU
		{A25B0BAA-5C68-4CB7-9263-FAE26755900F}.Debug|Any CPU.ActiveCfg = Debug|Any CPU
		{A25B0BAA-5C68-4CB7-9263-FAE26755900F}.Debug|Any CPU.Build.0 = Debug|Any CPU
		{A25B0BAA-5C68-4CB7-9263-FAE26755900F}.Release|Any CPU.ActiveCfg = Release|Any CPU
		{A25B0BAA-5C68-4CB7-9263-FAE26755900F}.Release|Any CPU.Build.0 = Release|Any CPU
		{B9179B3E-7752-4969-A14E-C44F7EF405A6}.Debug|Any CPU.ActiveCfg = Debug|Any CPU
		{B9179B3E-7752-4969-A14E-C44F7EF405A6}.Debug|Any CPU.Build.0 = Debug|Any CPU
		{B9179B3E-7752-4969-A14E-C44F7EF405A6}.Release|Any CPU.ActiveCfg = Release|Any CPU
		{B9179B3E-7752-4969-A14E-C44F7EF405A6}.Release|Any CPU.Build.0 = Release|Any CPU
		{9E2A7592-E634-486F-B686-A5D7F963AD85}.Debug|Any CPU.ActiveCfg = Debug|Any CPU
		{9E2A7592-E634-486F-B686-A5D7F963AD85}.Debug|Any CPU.Build.0 = Debug|Any CPU
		{9E2A7592-E634-486F-B686-A5D7F963AD85}.Release|Any CPU.ActiveCfg = Release|Any CPU
		{9E2A7592-E634-486F-B686-A5D7F963AD85}.Release|Any CPU.Build.0 = Release|Any CPU
	EndGlobalSection
	GlobalSection(SolutionProperties) = preSolution
		HideSolutionNode = FALSE
	EndGlobalSection
	GlobalSection(ExtensibilityGlobals) = postSolution
		SolutionGuid = {3B21CD25-1930-4E89-ACB3-93D23BCA4654}
	EndGlobalSection
EndGlobal
